{
  "version": 4,
  "terraform_version": "1.14.9",
  "serial": 14,
  "lineage": "62b3a814-8604-8ecc-a263-1609ad4079a8",
  "outputs": {},
  "resources": [
    {
      "module": "module.module_ec2_instances",
      "mode": "managed",
      "type": "aws_instance",
      "name": "this",
      "provider": "provider[\"registry.terraform.io/hashicorp/aws\"]",
      "instances": [
        {
          "index_key": "instance_1",
          "schema_version": 2,
          "attributes": {
            "ami": "ami-0030e4319cbf4dbf2",
            "arn": "arn:aws:ec2:us-east-1:654654478122:instance/i-09dd34f557d1cc48e",
            "associate_public_ip_address": true,
            "availability_zone": "us-east-1a",
            "capacity_reservation_specification": [
              {
                "capacity_reservation_preference": "open",
                "capacity_reservation_target": []
              }
            ],
            "cpu_options": [
              {
                "amd_sev_snp": "",
                "core_count": 1,
                "nested_virtualization": "",
                "threads_per_core": 1
              }
            ],
            "credit_specification": [
              {
                "cpu_credits": "standard"
              }
            ],
            "disable_api_stop": false,
            "disable_api_termination": false,
            "ebs_block_device": [],
            "ebs_optimized": false,
            "enable_primary_ipv6": null,
            "enclave_options": [
              {
                "enabled": false
              }
            ],
            "ephemeral_block_device": [],
            "force_destroy": false,
            "get_password_data": false,
            "hibernation": false,
            "host_id": "",
            "host_resource_group_arn": null,
            "iam_instance_profile": "despliegue-ec2-betek-carloso-rol-iam-carloso-profile-654654478122",
            "id": "i-09dd34f557d1cc48e",
            "instance_initiated_shutdown_behavior": "stop",
            "instance_lifecycle": "",
            "instance_market_options": [],
            "instance_state": "running",
            "instance_type": "t2.micro",
            "ipv6_address_count": 0,
            "ipv6_addresses": [],
            "key_name": "carloso",
            "launch_template": [],
            "maintenance_options": [
              {
                "auto_recovery": "default"
              }
            ],
            "metadata_options": [
              {
                "http_endpoint": "enabled",
                "http_protocol_ipv6": "disabled",
                "http_put_response_hop_limit": 1,
                "http_tokens": "optional",
                "instance_metadata_tags": "disabled"
              }
            ],
            "monitoring": false,
            "network_interface": [],
            "outpost_arn": "",
            "password_data": "",
            "placement_group": "",
            "placement_group_id": "",
            "placement_partition_number": 0,
            "primary_network_interface": [
              {
                "delete_on_termination": true,
                "network_interface_id": "eni-0b00cee45ea92ae80"
              }
            ],
            "primary_network_interface_id": "eni-0b00cee45ea92ae80",
            "private_dns": "ip-172-31-10-46.ec2.internal",
            "private_dns_name_options": [
              {
                "enable_resource_name_dns_a_record": false,
                "enable_resource_name_dns_aaaa_record": false,
                "hostname_type": "ip-name"
              }
            ],
            "private_ip": "172.31.10.46",
            "public_dns": "ec2-18-204-23-60.compute-1.amazonaws.com",
            "public_ip": "18.204.23.60",
            "region": "us-east-1",
            "root_block_device": [
              {
                "delete_on_termination": true,
                "device_name": "/dev/sda1",
                "encrypted": false,
                "iops": 3000,
                "kms_key_id": "",
                "tags": null,
                "tags_all": {},
                "throughput": 125,
                "volume_id": "vol-0c73bf52be4b29fa4",
                "volume_size": 80,
                "volume_type": "gp3"
              }
            ],
            "secondary_network_interface": [],
            "secondary_private_ips": [],
            "security_groups": [
              "despliegue-ec2-betek-carloso-instance_1-654654478122"
            ],
            "source_dest_check": true,
            "spot_instance_request_id": "",
            "subnet_id": "subnet-00227b47a5f26ec04",
            "tags": {
              "Name": "servidor-carloso",
              "a-tag1": "web-server",
              "centro-costos": "203040",
              "desarrollador": "betek",
              "enviroment": "dev"
            },
            "tags_all": {
              "Name": "servidor-carloso",
              "a-tag1": "web-server",
              "centro-costos": "203040",
              "desarrollador": "betek",
              "enviroment": "dev"
            },
            "tenancy": "default",
            "timeouts": null,
            "user_data": null,
            "user_data_base64": null,
            "user_data_replace_on_change": false,
            "volume_tags": {
              "Name": "servidor-carloso",
              "a-tag1": "web-server",
              "centro-costos": "203040",
              "desarrollador": "betek",
              "enviroment": "dev"
            },
            "vpc_security_group_ids": [
              "sg-067b0b7f5e0df67fd"
            ]
          },
          "sensitive_attributes": [],
          "identity_schema_version": 0,
          "identity": {
            "account_id": "654654478122",
            "id": "i-09dd34f557d1cc48e",
            "region": "us-east-1"
          },
          "private": "eyJlMmJmYjczMC1lY2FhLTExZTYtOGY4OC0zNDM2M2JjN2M0YzAiOnsiY3JlYXRlIjo2MDAwMDAwMDAwMDAsImRlbGV0ZSI6MTIwMDAwMDAwMDAwMCwicmVhZCI6OTAwMDAwMDAwMDAwLCJ1cGRhdGUiOjYwMDAwMDAwMDAwMH0sInNjaGVtYV92ZXJzaW9uIjoiMiJ9",
          "dependencies": [
            "module.module_ec2_instances.aws_key_pair.this",
            "module.module_ec2_instances.tls_private_key.this",
            "module.module_iam_config.aws_iam_instance_profile.this",
            "module.module_iam_config.aws_iam_role.this",
            "module.module_security_group.aws_security_group.this"
          ]
        }
      ]
    },
    {
      "module": "module.module_ec2_instances",
      "mode": "managed",
      "type": "aws_key_pair",
      "name": "this",
      "provider": "provider[\"registry.terraform.io/hashicorp/aws\"]",
      "instances": [
        {
          "schema_version": 1,
          "attributes": {
            "arn": "arn:aws:ec2:us-east-1:654654478122:key-pair/carloso",
            "fingerprint": "38:15:74:47:cb:df:39:9a:74:e5:21:ff:0e:1a:ae:03",
            "id": "carloso",
            "key_name": "carloso",
            "key_name_prefix": "",
            "key_pair_id": "key-01a1ba86ece50142f",
            "key_type": "rsa",
            "public_key": "ssh-rsa AAAAB3NzaC1yc2EAAAADAQABAAABAQCuGRo5tMMuGqv6BuPcA7v6WHDZbcYrmOEV1Z31wibD30UzjY8AkbNgPSEqugDIA7fh7cGGhgpLtULnoypd4pE/egm1O/RdCIq1XEsZXxwe/Dq+pNBD1k2+KcSVlXiNhVFi7+HaeJiaT1C/sjAUIOoeabAsZCDBXszsSCK2XBZ9Hk6G49I/3s10TgjKYigoquaeFy276aTWKIZk/ObjYfryq6G+gzarY1kXZDOH4kfav3l7GhXKC4uCNcisCgPHdInfvESUya70HYLG1kq/iwCtRLM9q4rfLuGlqo6BQVCHJqyc8YJudDX5bAzxds9sN28dgUTkkKyYY+ium+KCs7qL",
            "region": "us-east-1",
            "tags": {},
            "tags_all": {}
          },
          "sensitive_attributes": [],
          "identity_schema_version": 0,
          "private": "eyJzY2hlbWFfdmVyc2lvbiI6IjEifQ==",
          "dependencies": [
            "module.module_ec2_instances.tls_private_key.this"
          ]
        }
      ]
    },
    {
      "module": "module.module_ec2_instances",
      "mode": "managed",
      "type": "local_file",
      "name": "private_key",
      "provider": "provider[\"registry.terraform.io/hashicorp/local\"]",
      "instances": [
        {
          "schema_version": 0,
          "attributes": {
            "content": "-----BEGIN RSA PRIVATE KEY-----\nMIIEogIBAAKCAQEArhkaObTDLhqr+gbj3AO7+lhw2W3GK5jhFdWd9cImw99FM42P\nAJGzYD0hKroAyAO34e3BhoYKS7VC56MqXeKRP3oJtTv0XQiKtVxLGV8cHvw6vqTQ\nQ9ZNvinElZV4jYVRYu/h2niYmk9Qv7IwFCDqHmmwLGQgwV7M7EgitlwWfR5OhuPS\nP97NdE4IymIoKKrmnhctu+mk1iiGZPzm42H68quhvoM2q2NZF2Qzh+JH2r95exoV\nyguLgjXIrAoDx3SJ37xElMmu9B2CxtZKv4sArUSzPauK3y7hpaqOgUFQhyasnPGC\nbnQ1+WwM8XbPbDdvHYFE5JCsmGPorpvigrO6iwIDAQABAoIBAAgGDb73GIyGNVxy\nkNg4LwoP2Jn/6ynIA/RwdRufqEKCubrxUG19FloRg/cAir5GtzGcaYmvoWELDsHq\nM5VCg3svcd8YAkayknuSFov2zC78mCCAXz2hIZ6DNXvHX1gplGF0Hy6Yb3M9Kii+\nwTFMSwq+LpzJ7vbts/gRYwT28LpkMoGvj93fueIgH4B/WdOkjNeUdEg2iM2+HuN3\n9D0W5h3bfdaSCefkaFAYuAydJrs1Lo/RqOR9p0LLfAtb7tzMAeALSzWx7AQR9ZKs\nBw96CsON15iUfaPvhZQ91g0iS92DSdM0qny+hWkZIoTsZufnK1UJ+Gn4uFC/WoC6\neQyFs6ECgYEAywvQGhrnbGsr3OxnqPiwL71y34K3MggAXXIkxdM0owcoKEg2IviI\nu99NlFsAbtcqa++YHIFkkI3B9WYUSdVwdO9XxNiHWMgeVTZeqdJ9beM6Nqx1cO5B\npdJhjtSAEbV+2g3HtdUQ/a8XGjpsSvO3h2iET/w5VMGsQyVknbsBOfkCgYEA24CY\n7WtqvKdSyR+cHizUDtgfweCKNFU3Dr4fLim2EqkHjTjhMRklYuXAsyH/1uGv0l4X\n1OSxyEzOyH0Nx08bavIxKmLUUAk/n6CsPAoVAvlRYa4w3JMnnxzesEtBPtXLrhJk\nrjRW7xez39wwMqvbInFgk1cbcktNoNm4WwD2maMCgYA7t7a15tHHvmGBMXpvZO0U\nrWh6ukw9B8NruGV+VVb21+UEq/BYKra0YsHDb1xaPSg55JbdU2ULatXv4dz3tjHE\nApzSxUhRYVIih8IhukmvpxP4/pHv6/Mc3RpaUr9z9ehgI4toPEkqA3QM/7/X74Q7\n7A52I92MwwVyHi5Qga6jqQKBgGA35tFsHMXFswxmxtCTZgF7y6/49ZwrHo9f19ss\nfZuAbMcC//O9yh2oCOh9JuDS3Xeht2CjPytGP/6ykq+jhalDsTmbSOYsp68Zh2Zq\nJPvAvmPLL7AA8YVV6mftFRSuMzKC7Y9Pciwsf7TJmHcdzlkyydrMfEOFrumrhpyd\nt3txAoGAfJxi8VygyGUEzwlngYe8LxW8zherWcoJkKbunl9LyDuY9tgbGtnYtGDz\nP0GFwMXQHoodVRSigFRovjYeT10colZH5Er4pZ1D3XowIgJYxYoMCAmckxtzT8v5\n2x5MHjiZBkAWQAwH2tGi5+lAAcX/nhnN+fIBPir0FSz94AfL7JE=\n-----END RSA PRIVATE KEY-----\n",
            "content_base64": null,
            "content_base64sha256": "+8cQUhYMkd8M6sTmITD4ZJaqpS3SObgYF+yhpo0Lmzs=",
            "content_base64sha512": "oKUjOvJ/GHYRZyL3AmZ8bUYg8QiESP6IyxNW56XdUOQilpXEULJYPjLcJzdawOnyryul3yOpMz70YCD8+4NIDQ==",
            "content_md5": "b2864d2b41d69a53aad96e7c25898bb1",
            "content_sha1": "10055f8191a4caeafe4ee9cb3d4fc278f63e2afe",
            "content_sha256": "fbc71052160c91df0ceac4e62130f86496aaa52dd239b81817eca1a68d0b9b3b",
            "content_sha512": "a0a5233af27f1876116722f702667c6d4620f1088448fe88cb1356e7a5dd50e4229695c450b2583e32dc27375ac0e9f2af2ba5df23a9333ef46020fcfb83480d",
            "directory_permission": "0777",
            "file_permission": "0777",
            "filename": "./carloso.pem",
            "id": "10055f8191a4caeafe4ee9cb3d4fc278f63e2afe",
            "sensitive_content": null,
            "source": null
          },
          "sensitive_attributes": [
            [
              {
                "type": "get_attr",
                "value": "content"
              }
            ],
            [
              {
                "type": "get_attr",
                "value": "sensitive_content"
              }
            ]
          ],
          "identity_schema_version": 0,
          "dependencies": [
            "module.module_ec2_instances.tls_private_key.this"
          ]
        }
      ]
    },
    {
      "module": "module.module_ec2_instances",
      "mode": "managed",
      "type": "tls_private_key",
      "name": "this",
      "provider": "provider[\"registry.terraform.io/hashicorp/tls\"]",
      "instances": [
        {
          "schema_version": 1,
          "attributes": {
            "algorithm": "RSA",
            "ecdsa_curve": "P224",
            "id": "326182cc4b73c92a3c4704ebd239aba77017e5a9",
            "private_key_openssh": "-----BEGIN OPENSSH PRIVATE KEY-----\nb3BlbnNzaC1rZXktdjEAAAAABG5vbmUAAAAEbm9uZQAAAAAAAAABAAABFwAAAAdz\nc2gtcnNhAAAAAwEAAQAAAQEArhkaObTDLhqr+gbj3AO7+lhw2W3GK5jhFdWd9cIm\nw99FM42PAJGzYD0hKroAyAO34e3BhoYKS7VC56MqXeKRP3oJtTv0XQiKtVxLGV8c\nHvw6vqTQQ9ZNvinElZV4jYVRYu/h2niYmk9Qv7IwFCDqHmmwLGQgwV7M7EgitlwW\nfR5OhuPSP97NdE4IymIoKKrmnhctu+mk1iiGZPzm42H68quhvoM2q2NZF2Qzh+JH\n2r95exoVyguLgjXIrAoDx3SJ37xElMmu9B2CxtZKv4sArUSzPauK3y7hpaqOgUFQ\nhyasnPGCbnQ1+WwM8XbPbDdvHYFE5JCsmGPorpvigrO6iwAAA7jE+jF0xPoxdAAA\nAAdzc2gtcnNhAAABAQCuGRo5tMMuGqv6BuPcA7v6WHDZbcYrmOEV1Z31wibD30Uz\njY8AkbNgPSEqugDIA7fh7cGGhgpLtULnoypd4pE/egm1O/RdCIq1XEsZXxwe/Dq+\npNBD1k2+KcSVlXiNhVFi7+HaeJiaT1C/sjAUIOoeabAsZCDBXszsSCK2XBZ9Hk6G\n49I/3s10TgjKYigoquaeFy276aTWKIZk/ObjYfryq6G+gzarY1kXZDOH4kfav3l7\nGhXKC4uCNcisCgPHdInfvESUya70HYLG1kq/iwCtRLM9q4rfLuGlqo6BQVCHJqyc\n8YJudDX5bAzxds9sN28dgUTkkKyYY+ium+KCs7qLAAAAAwEAAQAAAQAIBg2+9xiM\nhjVccpDYOC8KD9iZ/+spyAP0cHUbn6hCgrm68VBtfRZaEYP3AIq+RrcxnGmJr6Fh\nCw7B6jOVQoN7L3HfGAJGspJ7khaL9swu/JgggF89oSGegzV7x19YKZRhdB8umG9z\nPSoovsExTEsKvi6cye727bP4EWME9vC6ZDKBr4/d37niIB+Af1nTpIzXlHRINojN\nvh7jd/Q9FuYd233Wkgnn5GhQGLgMnSa7NS6P0ajkfadCy3wLW+7czAHgC0s1sewE\nEfWSrAcPegrDjdeYlH2j74WUPdYNIkvdg0nTNKp8voVpGSKE7Gbn5ytVCfhp+LhQ\nv1qAunkMhbOhAAAAgHycYvFcoMhlBM8JZ4GHvC8VvM4Xq1nKCZCm7p5fS8g7mPbY\nGxrZ2LRg8z9BhcDF0B6KHVUUooBUaL42Hk9dHKJWR+RK+KWdQ916MCICWMWKDAgJ\nnJMbc0/L+dseTB44mQZAFkAMB9rRoufpQAHF/54ZzfnyAT4q9BUs/eAHy+yRAAAA\ngQDLC9AaGudsayvc7Geo+LAvvXLfgrcyCABdciTF0zSjBygoSDYi+Ii7302UWwBu\n1ypr75gcgWSQjcH1ZhRJ1XB071fE2IdYyB5VNl6p0n1t4zo2rHVw7kGl0mGO1IAR\ntX7aDce11RD9rxcaOmxK87eHaIRP/DlUwaxDJWSduwE5+QAAAIEA24CY7WtqvKdS\nyR+cHizUDtgfweCKNFU3Dr4fLim2EqkHjTjhMRklYuXAsyH/1uGv0l4X1OSxyEzO\nyH0Nx08bavIxKmLUUAk/n6CsPAoVAvlRYa4w3JMnnxzesEtBPtXLrhJkrjRW7xez\n39wwMqvbInFgk1cbcktNoNm4WwD2maMAAAAAAQID\n-----END OPENSSH PRIVATE KEY-----\n",
            "private_key_pem": "-----BEGIN RSA PRIVATE KEY-----\nMIIEogIBAAKCAQEArhkaObTDLhqr+gbj3AO7+lhw2W3GK5jhFdWd9cImw99FM42P\nAJGzYD0hKroAyAO34e3BhoYKS7VC56MqXeKRP3oJtTv0XQiKtVxLGV8cHvw6vqTQ\nQ9ZNvinElZV4jYVRYu/h2niYmk9Qv7IwFCDqHmmwLGQgwV7M7EgitlwWfR5OhuPS\nP97NdE4IymIoKKrmnhctu+mk1iiGZPzm42H68quhvoM2q2NZF2Qzh+JH2r95exoV\nyguLgjXIrAoDx3SJ37xElMmu9B2CxtZKv4sArUSzPauK3y7hpaqOgUFQhyasnPGC\nbnQ1+WwM8XbPbDdvHYFE5JCsmGPorpvigrO6iwIDAQABAoIBAAgGDb73GIyGNVxy\nkNg4LwoP2Jn/6ynIA/RwdRufqEKCubrxUG19FloRg/cAir5GtzGcaYmvoWELDsHq\nM5VCg3svcd8YAkayknuSFov2zC78mCCAXz2hIZ6DNXvHX1gplGF0Hy6Yb3M9Kii+\nwTFMSwq+LpzJ7vbts/gRYwT28LpkMoGvj93fueIgH4B/WdOkjNeUdEg2iM2+HuN3\n9D0W5h3bfdaSCefkaFAYuAydJrs1Lo/RqOR9p0LLfAtb7tzMAeALSzWx7AQR9ZKs\nBw96CsON15iUfaPvhZQ91g0iS92DSdM0qny+hWkZIoTsZufnK1UJ+Gn4uFC/WoC6\neQyFs6ECgYEAywvQGhrnbGsr3OxnqPiwL71y34K3MggAXXIkxdM0owcoKEg2IviI\nu99NlFsAbtcqa++YHIFkkI3B9WYUSdVwdO9XxNiHWMgeVTZeqdJ9beM6Nqx1cO5B\npdJhjtSAEbV+2g3HtdUQ/a8XGjpsSvO3h2iET/w5VMGsQyVknbsBOfkCgYEA24CY\n7WtqvKdSyR+cHizUDtgfweCKNFU3Dr4fLim2EqkHjTjhMRklYuXAsyH/1uGv0l4X\n1OSxyEzOyH0Nx08bavIxKmLUUAk/n6CsPAoVAvlRYa4w3JMnnxzesEtBPtXLrhJk\nrjRW7xez39wwMqvbInFgk1cbcktNoNm4WwD2maMCgYA7t7a15tHHvmGBMXpvZO0U\nrWh6ukw9B8NruGV+VVb21+UEq/BYKra0YsHDb1xaPSg55JbdU2ULatXv4dz3tjHE\nApzSxUhRYVIih8IhukmvpxP4/pHv6/Mc3RpaUr9z9ehgI4toPEkqA3QM/7/X74Q7\n7A52I92MwwVyHi5Qga6jqQKBgGA35tFsHMXFswxmxtCTZgF7y6/49ZwrHo9f19ss\nfZuAbMcC//O9yh2oCOh9JuDS3Xeht2CjPytGP/6ykq+jhalDsTmbSOYsp68Zh2Zq\nJPvAvmPLL7AA8YVV6mftFRSuMzKC7Y9Pciwsf7TJmHcdzlkyydrMfEOFrumrhpyd\nt3txAoGAfJxi8VygyGUEzwlngYe8LxW8zherWcoJkKbunl9LyDuY9tgbGtnYtGDz\nP0GFwMXQHoodVRSigFRovjYeT10colZH5Er4pZ1D3XowIgJYxYoMCAmckxtzT8v5\n2x5MHjiZBkAWQAwH2tGi5+lAAcX/nhnN+fIBPir0FSz94AfL7JE=\n-----END RSA PRIVATE KEY-----\n",
            "private_key_pem_pkcs8": "-----BEGIN PRIVATE KEY-----\nMIIEvAIBADANBgkqhkiG9w0BAQEFAASCBKYwggSiAgEAAoIBAQCuGRo5tMMuGqv6\nBuPcA7v6WHDZbcYrmOEV1Z31wibD30UzjY8AkbNgPSEqugDIA7fh7cGGhgpLtULn\noypd4pE/egm1O/RdCIq1XEsZXxwe/Dq+pNBD1k2+KcSVlXiNhVFi7+HaeJiaT1C/\nsjAUIOoeabAsZCDBXszsSCK2XBZ9Hk6G49I/3s10TgjKYigoquaeFy276aTWKIZk\n/ObjYfryq6G+gzarY1kXZDOH4kfav3l7GhXKC4uCNcisCgPHdInfvESUya70HYLG\n1kq/iwCtRLM9q4rfLuGlqo6BQVCHJqyc8YJudDX5bAzxds9sN28dgUTkkKyYY+iu\nm+KCs7qLAgMBAAECggEACAYNvvcYjIY1XHKQ2DgvCg/Ymf/rKcgD9HB1G5+oQoK5\nuvFQbX0WWhGD9wCKvka3MZxpia+hYQsOweozlUKDey9x3xgCRrKSe5IWi/bMLvyY\nIIBfPaEhnoM1e8dfWCmUYXQfLphvcz0qKL7BMUxLCr4unMnu9u2z+BFjBPbwumQy\nga+P3d+54iAfgH9Z06SM15R0SDaIzb4e43f0PRbmHdt91pIJ5+RoUBi4DJ0muzUu\nj9Go5H2nQst8C1vu3MwB4AtLNbHsBBH1kqwHD3oKw43XmJR9o++FlD3WDSJL3YNJ\n0zSqfL6FaRkihOxm5+crVQn4afi4UL9agLp5DIWzoQKBgQDLC9AaGudsayvc7Geo\n+LAvvXLfgrcyCABdciTF0zSjBygoSDYi+Ii7302UWwBu1ypr75gcgWSQjcH1ZhRJ\n1XB071fE2IdYyB5VNl6p0n1t4zo2rHVw7kGl0mGO1IARtX7aDce11RD9rxcaOmxK\n87eHaIRP/DlUwaxDJWSduwE5+QKBgQDbgJjta2q8p1LJH5weLNQO2B/B4Io0VTcO\nvh8uKbYSqQeNOOExGSVi5cCzIf/W4a/SXhfU5LHITM7IfQ3HTxtq8jEqYtRQCT+f\noKw8ChUC+VFhrjDckyefHN6wS0E+1cuuEmSuNFbvF7Pf3DAyq9sicWCTVxtyS02g\n2bhbAPaZowKBgDu3trXm0ce+YYExem9k7RStaHq6TD0Hw2u4ZX5VVvbX5QSr8Fgq\ntrRiwcNvXFo9KDnklt1TZQtq1e/h3Pe2McQCnNLFSFFhUiKHwiG6Sa+nE/j+ke/r\n8xzdGlpSv3P16GAji2g8SSoDdAz/v9fvhDvsDnYj3YzDBXIeLlCBrqOpAoGAYDfm\n0WwcxcWzDGbG0JNmAXvLr/j1nCsej1/X2yx9m4BsxwL/873KHagI6H0m4NLdd6G3\nYKM/K0Y//rKSr6OFqUOxOZtI5iynrxmHZmok+8C+Y8svsADxhVXqZ+0VFK4zMoLt\nj09yLCx/tMmYdx3OWTLJ2sx8Q4Wu6auGnJ23e3ECgYB8nGLxXKDIZQTPCWeBh7wv\nFbzOF6tZygmQpu6eX0vIO5j22Bsa2di0YPM/QYXAxdAeih1VFKKAVGi+Nh5PXRyi\nVkfkSvilnUPdejAiAljFigwICZyTG3NPy/nbHkweOJkGQBZADAfa0aLn6UABxf+e\nGc358gE+KvQVLP3gB8vskQ==\n-----END PRIVATE KEY-----\n",
            "public_key_fingerprint_md5": "9b:16:64:9a:09:69:24:62:4a:a0:25:a7:b0:2d:06:5a",
            "public_key_fingerprint_sha256": "SHA256:28Qkr0KyS0SmF4+HtqMJQzDGWw1qAZ3PYNvX8ksrN9U",
            "public_key_openssh": "ssh-rsa AAAAB3NzaC1yc2EAAAADAQABAAABAQCuGRo5tMMuGqv6BuPcA7v6WHDZbcYrmOEV1Z31wibD30UzjY8AkbNgPSEqugDIA7fh7cGGhgpLtULnoypd4pE/egm1O/RdCIq1XEsZXxwe/Dq+pNBD1k2+KcSVlXiNhVFi7+HaeJiaT1C/sjAUIOoeabAsZCDBXszsSCK2XBZ9Hk6G49I/3s10TgjKYigoquaeFy276aTWKIZk/ObjYfryq6G+gzarY1kXZDOH4kfav3l7GhXKC4uCNcisCgPHdInfvESUya70HYLG1kq/iwCtRLM9q4rfLuGlqo6BQVCHJqyc8YJudDX5bAzxds9sN28dgUTkkKyYY+ium+KCs7qL\n",
            "public_key_pem": "-----BEGIN PUBLIC KEY-----\nMIIBIjANBgkqhkiG9w0BAQEFAAOCAQ8AMIIBCgKCAQEArhkaObTDLhqr+gbj3AO7\n+lhw2W3GK5jhFdWd9cImw99FM42PAJGzYD0hKroAyAO34e3BhoYKS7VC56MqXeKR\nP3oJtTv0XQiKtVxLGV8cHvw6vqTQQ9ZNvinElZV4jYVRYu/h2niYmk9Qv7IwFCDq\nHmmwLGQgwV7M7EgitlwWfR5OhuPSP97NdE4IymIoKKrmnhctu+mk1iiGZPzm42H6\n8quhvoM2q2NZF2Qzh+JH2r95exoVyguLgjXIrAoDx3SJ37xElMmu9B2CxtZKv4sA\nrUSzPauK3y7hpaqOgUFQhyasnPGCbnQ1+WwM8XbPbDdvHYFE5JCsmGPorpvigrO6\niwIDAQAB\n-----END PUBLIC KEY-----\n",
            "rsa_bits": 2048
          },
          "sensitive_attributes": [
            [
              {
                "type": "get_attr",
                "value": "private_key_openssh"
              }
            ],
            [
              {
                "type": "get_attr",
                "value": "private_key_pem"
              }
            ],
            [
              {
                "type": "get_attr",
                "value": "private_key_pem_pkcs8"
              }
            ]
          ],
          "identity_schema_version": 0
        }
      ]
    },
    {
      "module": "module.module_iam_config",
      "mode": "managed",
      "type": "aws_iam_instance_profile",
      "name": "this",
      "provider": "provider[\"registry.terraform.io/hashicorp/aws\"]",
      "instances": [
        {
          "index_key": "instance_1",
          "schema_version": 0,
          "attributes": {
            "arn": "arn:aws:iam::654654478122:instance-profile/despliegue-ec2-betek-carloso-rol-iam-carloso-profile-654654478122",
            "create_date": "2026-04-25T00:42:14Z",
            "id": "despliegue-ec2-betek-carloso-rol-iam-carloso-profile-654654478122",
            "name": "despliegue-ec2-betek-carloso-rol-iam-carloso-profile-654654478122",
            "name_prefix": "",
            "path": "/",
            "role": "despliegue-ec2-betek-carloso-rol-iam-carloso-654654478122",
            "tags": {},
            "tags_all": {},
            "unique_id": "AIPAZQ3DSS4VP7C7LOXH5"
          },
          "sensitive_attributes": [],
          "identity_schema_version": 0,
          "identity": {
            "account_id": "654654478122",
            "name": "despliegue-ec2-betek-carloso-rol-iam-carloso-profile-654654478122"
          },
          "private": "bnVsbA==",
          "dependencies": [
            "module.module_iam_config.aws_iam_role.this"
          ]
        }
      ]
    },
    {
      "module": "module.module_iam_config",
      "mode": "managed",
      "type": "aws_iam_role",
      "name": "this",
      "provider": "provider[\"registry.terraform.io/hashicorp/aws\"]",
      "instances": [
        {
          "index_key": "instance_1",
          "schema_version": 0,
          "attributes": {
            "arn": "arn:aws:iam::654654478122:role/despliegue-ec2-betek-carloso-rol-iam-carloso-654654478122",
            "assume_role_policy": "{\"Statement\":[{\"Action\":\"sts:AssumeRole\",\"Effect\":\"Allow\",\"Principal\":{\"Service\":\"ec2.amazonaws.com\"}}],\"Version\":\"2012-10-17\"}",
            "create_date": "2026-04-25T00:42:13Z",
            "description": "",
            "force_detach_policies": false,
            "id": "despliegue-ec2-betek-carloso-rol-iam-carloso-654654478122",
            "inline_policy": [],
            "managed_policy_arns": [
              "arn:aws:iam::aws:policy/AmazonSSMManagedInstanceCore",
              "arn:aws:iam::aws:policy/CloudWatchAgentServerPolicy"
            ],
            "max_session_duration": 3600,
            "name": "despliegue-ec2-betek-carloso-rol-iam-carloso-654654478122",
            "name_prefix": "",
            "path": "/",
            "permissions_boundary": "",
            "tags": {},
            "tags_all": {},
            "unique_id": "AROAZQ3DSS4VPQVIGHABE"
          },
          "sensitive_attributes": [],
          "identity_schema_version": 0,
          "identity": {
            "account_id": "654654478122",
            "name": "despliegue-ec2-betek-carloso-rol-iam-carloso-654654478122"
          },
          "private": "bnVsbA=="
        }
      ]
    },
    {
      "module": "module.module_iam_config",
      "mode": "managed",
      "type": "aws_iam_role_policy_attachment",
      "name": "additional_policy",
      "provider": "provider[\"registry.terraform.io/hashicorp/aws\"]",
      "instances": [
        {
          "index_key": "instance_1",
          "schema_version": 0,
          "attributes": {
            "id": "despliegue-ec2-betek-carloso-rol-iam-carloso-654654478122/arn:aws:iam::aws:policy/CloudWatchAgentServerPolicy",
            "policy_arn": "arn:aws:iam::aws:policy/CloudWatchAgentServerPolicy",
            "role": "despliegue-ec2-betek-carloso-rol-iam-carloso-654654478122"
          },
          "sensitive_attributes": [],
          "identity_schema_version": 0,
          "identity": {
            "account_id": "654654478122",
            "policy_arn": "arn:aws:iam::aws:policy/CloudWatchAgentServerPolicy",
            "role": "despliegue-ec2-betek-carloso-rol-iam-carloso-654654478122"
          },
          "private": "bnVsbA==",
          "dependencies": [
            "module.module_iam_config.aws_iam_role.this"
          ]
        }
      ]
    },
    {
      "module": "module.module_iam_config",
      "mode": "managed",
      "type": "aws_iam_role_policy_attachment",
      "name": "ssm_policy",
      "provider": "provider[\"registry.terraform.io/hashicorp/aws\"]",
      "instances": [
        {
          "index_key": "instance_1",
          "schema_version": 0,
          "attributes": {
            "id": "despliegue-ec2-betek-carloso-rol-iam-carloso-654654478122/arn:aws:iam::aws:policy/AmazonSSMManagedInstanceCore",
            "policy_arn": "arn:aws:iam::aws:policy/AmazonSSMManagedInstanceCore",
            "role": "despliegue-ec2-betek-carloso-rol-iam-carloso-654654478122"
          },
          "sensitive_attributes": [],
          "identity_schema_version": 0,
          "identity": {
            "account_id": "654654478122",
            "policy_arn": "arn:aws:iam::aws:policy/AmazonSSMManagedInstanceCore",
            "role": "despliegue-ec2-betek-carloso-rol-iam-carloso-654654478122"
          },
          "private": "bnVsbA==",
          "dependencies": [
            "module.module_iam_config.aws_iam_role.this"
          ]
        }
      ]
    },
    {
      "module": "module.module_security_group",
      "mode": "managed",
      "type": "aws_security_group",
      "name": "this",
      "provider": "provider[\"registry.terraform.io/hashicorp/aws\"]",
      "instances": [
        {
          "index_key": "instance_1",
          "schema_version": 1,
          "attributes": {
            "arn": "arn:aws:ec2:us-east-1:654654478122:security-group/sg-067b0b7f5e0df67fd",
            "description": "Security Group para laboratorio carloso",
            "egress": [
              {
                "cidr_blocks": [
                  "0.0.0.0/0"
                ],
                "description": "",
                "from_port": 0,
                "ipv6_cidr_blocks": [],
                "prefix_list_ids": [],
                "protocol": "-1",
                "security_groups": [],
                "self": false,
                "to_port": 0
              }
            ],
            "id": "sg-067b0b7f5e0df67fd",
            "ingress": [
              {
                "cidr_blocks": [
                  "0.0.0.0/0"
                ],
                "description": "",
                "from_port": 80,
                "ipv6_cidr_blocks": [],
                "prefix_list_ids": [],
                "protocol": "tcp",
                "security_groups": [],
                "self": false,
                "to_port": 80
              },
              {
                "cidr_blocks": [
                  "10.0.0.0/8"
                ],
                "description": "",
                "from_port": 3389,
                "ipv6_cidr_blocks": [],
                "prefix_list_ids": [],
                "protocol": "tcp",
                "security_groups": [],
                "self": false,
                "to_port": 3389
              }
            ],
            "name": "despliegue-ec2-betek-carloso-instance_1-654654478122",
            "name_prefix": "",
            "owner_id": "654654478122",
            "region": "us-east-1",
            "revoke_rules_on_delete": false,
            "tags": {
              "Name": "despliegue-ec2-betek-carloso-sg"
            },
            "tags_all": {
              "Name": "despliegue-ec2-betek-carloso-sg"
            },
            "timeouts": null,
            "vpc_id": "vpc-00f479057476a2db8"
          },
          "sensitive_attributes": [],
          "identity_schema_version": 0,
          "identity": {
            "account_id": "654654478122",
            "id": "sg-067b0b7f5e0df67fd",
            "region": "us-east-1"
          },
          "private": "eyJlMmJmYjczMC1lY2FhLTExZTYtOGY4OC0zNDM2M2JjN2M0YzAiOnsiY3JlYXRlIjo2MDAwMDAwMDAwMDAsImRlbGV0ZSI6OTAwMDAwMDAwMDAwfSwic2NoZW1hX3ZlcnNpb24iOiIxIn0="
        }
      ]
    }
  ],
  "check_results": null
}
